PODS:
  - Flutter (1.0.0)
  - flutter_sound (8.3.12):
    - Flutter
    - mobile-ffmpeg-audio (= 4.4.LTS)
    - tau_core (= 8.3.12)
  - mobile-ffmpeg-audio (4.4.LTS)
  - path_provider (0.0.1):
    - Flutter
  - tau_core (8.3.12)

DEPENDENCIES:
  - Flutter (from `Flutter`)
  - flutter_sound (from `.symlinks/plugins/flutter_sound/ios`)
  - path_provider (from `.symlinks/plugins/path_provider/ios`)

SPEC REPOS:
  trunk:
    - mobile-ffmpeg-audio
    - tau_core

EXTERNAL SOURCES:
  Flutter:
    :path: Flutter
  flutter_sound:
    :path: ".symlinks/plugins/flutter_sound/ios"
  path_provider:
    :path: ".symlinks/plugins/path_provider/ios"

SPEC CHECKSUMS:
  Flutter: 434fef37c0980e73bb6479ef766c45957d4b510c
  flutter_sound: 49d06bd22a3eddb54af3cf22db63fcbf1c641d52
  mobile-ffmpeg-audio: 1e0a053f8a6de57114e50ff48b3a85ff1c60f902
  path_provider: abfe2b5c733d04e238b0d8691db0cfd63a27a93c
  tau_core: 4b7be325f37983d3c74e1692d70e41e12b24d9be

PODFILE CHECKSUM: ef19549a9bc3046e7bb7d2fab4d021637c0c58a3

COCOAPODS: 1.10.1
